// !$*UTF8*$!
{
	archiveVersion = 1;
	classes = {
	};
	objectVersion = 46;
	objects = {

/* Begin PBXBuildFile section */
		FA37CF271B9139FD0032ED30 /* main.m in Sources */ = {isa = PBXBuildFile; fileRef = FA37CF261B9139FD0032ED30 /* main.m */; };
		FA37CF2A1B9139FD0032ED30 /* AppDelegate.m in Sources */ = {isa = PBXBuildFile; fileRef = FA37CF291B9139FD0032ED30 /* AppDelegate.m */; };
		FA37CF2D1B9139FD0032ED30 /* ViewController.m in Sources */ = {isa = PBXBuildFile; fileRef = FA37CF2C1B9139FD0032ED30 /* ViewController.m */; };
		FA37CF411B9139FD0032ED30 /* BlocBrowserTests.m in Sources */ = {isa = PBXBuildFile; fileRef = FA37CF401B9139FD0032ED30 /* BlocBrowserTests.m */; };
		FA37CF4B1B942F7B0032ED30 /* WebKit.framework in Frameworks */ = {isa = PBXBuildFile; fileRef = FA37CF4A1B942F7B0032ED30 /* WebKit.framework */; settings = {ATTRIBUTES = (Required, ); }; };
		FA37CF4F1B9928250032ED30 /* AwesomeFloatingToolbar.m in Sources */ = {isa = PBXBuildFile; fileRef = FA37CF4E1B9928250032ED30 /* AwesomeFloatingToolbar.m */; };
/* End PBXBuildFile section */

/* Begin PBXContainerItemProxy section */
		FA37CF3B1B9139FD0032ED30 /* PBXContainerItemProxy */ = {
			isa = PBXContainerItemProxy;
			containerPortal = FA37CF191B9139FD0032ED30 /* Project object */;
			proxyType = 1;
			remoteGlobalIDString = FA37CF201B9139FD0032ED30;
			remoteInfo = BlocBrowser;
		};
/* End PBXContainerItemProxy section */

/* Begin PBXFileReference section */
		FA37CF211B9139FD0032ED30 /* BlocBrowser.app */ = {isa = PBXFileReference; explicitFileType = wrapper.application; includeInIndex = 0; path = BlocBrowser.app; sourceTree = BUILT_PRODUCTS_DIR; };
		FA37CF251B9139FD0032ED30 /* Info.plist */ = {isa = PBXFileReference; lastKnownFileType = text.plist.xml; path = Info.plist; sourceTree = "<group>"; };
		FA37CF261B9139FD0032ED30 /* main.m */ = {isa = PBXFileReference; lastKnownFileType = sourcecode.c.objc; path = main.m; sourceTree = "<group>"; };
		FA37CF281B9139FD0032ED30 /* AppDelegate.h */ = {isa = PBXFileReference; lastKnownFileType = sourcecode.c.h; path = AppDelegate.h; sourceTree = "<group>"; };
		FA37CF291B9139FD0032ED30 /* AppDelegate.m */ = {isa = PBXFileReference; lastKnownFileType = sourcecode.c.objc; path = AppDelegate.m; sourceTree = "<group>"; };
		FA37CF2B1B9139FD0032ED30 /* ViewController.h */ = {isa = PBXFileReference; lastKnownFileType = sourcecode.c.h; path = ViewController.h; sourceTree = "<group>"; };
		FA37CF2C1B9139FD0032ED30 /* ViewController.m */ = {isa = PBXFileReference; lastKnownFileType = sourcecode.c.objc; path = ViewController.m; sourceTree = "<group>"; };
		FA37CF3A1B9139FD0032ED30 /* BlocBrowserTests.xctest */ = {isa = PBXFileReference; explicitFileType = wrapper.cfbundle; includeInIndex = 0; path = BlocBrowserTests.xctest; sourceTree = BUILT_PRODUCTS_DIR; };
		FA37CF3F1B9139FD0032ED30 /* Info.plist */ = {isa = PBXFileReference; lastKnownFileType = text.plist.xml; path = Info.plist; sourceTree = "<group>"; };
		FA37CF401B9139FD0032ED30 /* BlocBrowserTests.m */ = {isa = PBXFileReference; lastKnownFileType = sourcecode.c.objc; path = BlocBrowserTests.m; sourceTree = "<group>"; };
		FA37CF4A1B942F7B0032ED30 /* WebKit.framework */ = {isa = PBXFileReference; lastKnownFileType = wrapper.framework; name = WebKit.framework; path = System/Library/Frameworks/WebKit.framework; sourceTree = SDKROOT; };
		FA37CF4E1B9928250032ED30 /* AwesomeFloatingToolbar.m */ = {isa = PBXFileReference; fileEncoding = 4; lastKnownFileType = sourcecode.c.objc; path = AwesomeFloatingToolbar.m; sourceTree = "<group>"; };
		FA37CF501B9937A50032ED30 /* AwesomeFloatingToolbar.h */ = {isa = PBXFileReference; fileEncoding = 4; lastKnownFileType = sourcecode.c.h; path = AwesomeFloatingToolbar.h; sourceTree = "<group>"; };
/* End PBXFileReference section */

/* Begin PBXFrameworksBuildPhase section */
		FA37CF1E1B9139FD0032ED30 /* Frameworks */ = {
			isa = PBXFrameworksBuildPhase;
			buildActionMask = 2147483647;
			files = (
				FA37CF4B1B942F7B0032ED30 /* WebKit.framework in Frameworks */,
			);
			runOnlyForDeploymentPostprocessing = 0;
		};
		FA37CF371B9139FD0032ED30 /* Frameworks */ = {
			isa = PBXFrameworksBuildPhase;
			buildActionMask = 2147483647;
			files = (
			);
			runOnlyForDeploymentPostprocessing = 0;
		};
/* End PBXFrameworksBuildPhase section */

/* Begin PBXGroup section */
		FA37CF181B9139FD0032ED30 = {
			isa = PBXGroup;
			children = (
				FA37CF4A1B942F7B0032ED30 /* WebKit.framework */,
				FA37CF231B9139FD0032ED30 /* BlocBrowser */,
				FA37CF3D1B9139FD0032ED30 /* BlocBrowserTests */,
				FA37CF221B9139FD0032ED30 /* Products */,
			);
			sourceTree = "<group>";
		};
		FA37CF221B9139FD0032ED30 /* Products */ = {
			isa = PBXGroup;
			children = (
				FA37CF211B9139FD0032ED30 /* BlocBrowser.app */,
				FA37CF3A1B9139FD0032ED30 /* BlocBrowserTests.xctest */,
			);
			name = Products;
			sourceTree = "<group>";
		};
		FA37CF231B9139FD0032ED30 /* BlocBrowser */ = {
			isa = PBXGroup;
			children = (
				FA37CF281B9139FD0032ED30 /* AppDelegate.h */,
				FA37CF291B9139FD0032ED30 /* AppDelegate.m */,
				FA37CF2B1B9139FD0032ED30 /* ViewController.h */,
				FA37CF2C1B9139FD0032ED30 /* ViewController.m */,
				FA37CF4E1B9928250032ED30 /* AwesomeFloatingToolbar.m */,
				FA37CF501B9937A50032ED30 /* AwesomeFloatingToolbar.h */,
				FA37CF241B9139FD0032ED30 /* Supporting Files */,
			);
			path = BlocBrowser;
			sourceTree = "<group>";
		};
		FA37CF241B9139FD0032ED30 /* Supporting Files */ = {
			isa = PBXGroup;
			children = (
				FA37CF251B9139FD0032ED30 /* Info.plist */,
				FA37CF261B9139FD0032ED30 /* main.m */,
			);
			name = "Supporting Files";
			sourceTree = "<group>";
		};
		FA37CF3D1B9139FD0032ED30 /* BlocBrowserTests */ = {
			isa = PBXGroup;
			children = (
				FA37CF401B9139FD0032ED30 /* BlocBrowserTests.m */,
				FA37CF3E1B9139FD0032ED30 /* Supporting Files */,
			);
			path = BlocBrowserTests;
			sourceTree = "<group>";
		};
		FA37CF3E1B9139FD0032ED30 /* Supporting Files */ = {
			isa = PBXGroup;
			children = (
				FA37CF3F1B9139FD0032ED30 /* Info.plist */,
			);
			name = "Supporting Files";
			sourceTree = "<group>";
		};
/* End PBXGroup section */

/* Begin PBXNativeTarget section */
		FA37CF201B9139FD0032ED30 /* BlocBrowser */ = {
			isa = PBXNativeTarget;
			buildConfigurationList = FA37CF441B9139FD0032ED30 /* Build configuration list for PBXNativeTarget "BlocBrowser" */;
			buildPhases = (
				FA37CF1D1B9139FD0032ED30 /* Sources */,
				FA37CF1E1B9139FD0032ED30 /* Frameworks */,
				FA37CF1F1B9139FD0032ED30 /* Resources */,
			);
			buildRules = (
			);
			dependencies = (
			);
			name = BlocBrowser;
			productName = BlocBrowser;
			productReference = FA37CF211B9139FD0032ED30 /* BlocBrowser.app */;
			productType = "com.apple.product-type.application";
		};
		FA37CF391B9139FD0032ED30 /* BlocBrowserTests */ = {
			isa = PBXNativeTarget;
			buildConfigurationList = FA37CF471B9139FD0032ED30 /* Build configuration list for PBXNativeTarget "BlocBrowserTests" */;
			buildPhases = (
				FA37CF361B9139FD0032ED30 /* Sources */,
				FA37CF371B9139FD0032ED30 /* Frameworks */,
				FA37CF381B9139FD0032ED30 /* Resources */,
			);
			buildRules = (
			);
			dependencies = (
				FA37CF3C1B9139FD0032ED30 /* PBXTargetDependency */,
			);
			name = BlocBrowserTests;
			productName = BlocBrowserTests;
			productReference = FA37CF3A1B9139FD0032ED30 /* BlocBrowserTests.xctest */;
			productType = "com.apple.product-type.bundle.unit-test";
		};
/* End PBXNativeTarget section */

/* Begin PBXProject section */
		FA37CF191B9139FD0032ED30 /* Project object */ = {
			isa = PBXProject;
			attributes = {
				LastUpgradeCheck = 0640;
				ORGANIZATIONNAME = Bloc;
				TargetAttributes = {
					FA37CF201B9139FD0032ED30 = {
						CreatedOnToolsVersion = 6.4;
					};
					FA37CF391B9139FD0032ED30 = {
						CreatedOnToolsVersion = 6.4;
						TestTargetID = FA37CF201B9139FD0032ED30;
					};
				};
			};
			buildConfigurationList = FA37CF1C1B9139FD0032ED30 /* Build configuration list for PBXProject "BlocBrowser" */;
			compatibilityVersion = "Xcode 3.2";
			developmentRegion = English;
			hasScannedForEncodings = 0;
			knownRegions = (
				en,
				Base,
			);
			mainGroup = FA37CF181B9139FD0032ED30;
			productRefGroup = FA37CF221B9139FD0032ED30 /* Products */;
			projectDirPath = "";
			projectRoot = "";
			targets = (
				FA37CF201B9139FD0032ED30 /* BlocBrowser */,
				FA37CF391B9139FD0032ED30 /* BlocBrowserTests */,
			);
		};
/* End PBXProject section */

/* Begin PBXResourcesBuildPhase section */
		FA37CF1F1B9139FD0032ED30 /* Resources */ = {
			isa = PBXResourcesBuildPhase;
			buildActionMask = 2147483647;
			files = (
			);
			runOnlyForDeploymentPostprocessing = 0;
		};
		FA37CF381B9139FD0032ED30 /* Resources */ = {
			isa = PBXResourcesBuildPhase;
			buildActionMask = 2147483647;
			files = (
			);
			runOnlyForDeploymentPostprocessing = 0;
		};
/* End PBXResourcesBuildPhase section */

/* Begin PBXSourcesBuildPhase section */
		FA37CF1D1B9139FD0032ED30 /* Sources */ = {
			isa = PBXSourcesBuildPhase;
			buildActionMask = 2147483647;
			files = (
				FA37CF2D1B9139FD0032ED30 /* ViewController.m in Sources */,
				FA37CF2A1B9139FD0032ED30 /* AppDelegate.m in Sources */,
				FA37CF271B9139FD0032ED30 /* main.m in Sources */,
				FA37CF4F1B9928250032ED30 /* AwesomeFloatingToolbar.m in Sources */,
			);
			runOnlyForDeploymentPostprocessing = 0;
		};
		FA37CF361B9139FD0032ED30 /* Sources */ = {
			isa = PBXSourcesBuildPhase;
			buildActionMask = 2147483647;
			files = (
				FA37CF411B9139FD0032ED30 /* BlocBrowserTests.m in Sources */,
			);
			runOnlyForDeploymentPostprocessing = 0;
		};
/* End PBXSourcesBuildPhase section */

/* Begin PBXTargetDependency section */
		FA37CF3C1B9139FD0032ED30 /* PBXTargetDependency */ = {
			isa = PBXTargetDependency;
			target = FA37CF201B9139FD0032ED30 /* BlocBrowser */;
			targetProxy = FA37CF3B1B9139FD0032ED30 /* PBXContainerItemProxy */;
		};
/* End PBXTargetDependency section */

/* Begin XCBuildConfiguration section */
		FA37CF421B9139FD0032ED30 /* Debug */ = {
			isa = XCBuildConfiguration;
			buildSettings = {
				ALWAYS_SEARCH_USER_PATHS = NO;
				CLANG_CXX_LANGUAGE_STANDARD = "gnu++0x";
				CLANG_CXX_LIBRARY = "libc++";
				CLANG_ENABLE_MODULES = YES;
				CLANG_ENABLE_OBJC_ARC = YES;
				CLANG_WARN_BOOL_CONVERSION = YES;
				CLANG_WARN_CONSTANT_CONVERSION = YES;
				CLANG_WARN_DIRECT_OBJC_ISA_USAGE = YES_ERROR;
				CLANG_WARN_EMPTY_BODY = YES;
				CLANG_WARN_ENUM_CONVERSION = YES;
				CLANG_WARN_INT_CONVERSION = YES;
				CLANG_WARN_OBJC_ROOT_CLASS = YES_ERROR;
				CLANG_WARN_UNREACHABLE_CODE = YES;
				CLANG_WARN__DUPLICATE_METHOD_MATCH = YES;
				"CODE_SIGN_IDENTITY[sdk=iphoneos*]" = "iPhone Developer";
				COPY_PHASE_STRIP = NO;
				DEBUG_INFORMATION_FORMAT = "dwarf-with-dsym";
				ENABLE_STRICT_OBJC_MSGSEND = YES;
				GCC_C_LANGUAGE_STANDARD = gnu99;
				GCC_DYNAMIC_NO_PIC = NO;
				GCC_NO_COMMON_BLOCKS = YES;
				GCC_OPTIMIZATION_LEVEL = 0;
				GCC_PREPROCESSOR_DEFINITIONS = (
					"DEBUG=1",
					"$(inherited)",
				);
				GCC_SYMBOLS_PRIVATE_EXTERN = NO;
				GCC_WARN_64_TO_32_BIT_CONVERSION = YES;
				GCC_WARN_ABOUT_RETURN_TYPE = YES_ERROR;
				GCC_WARN_UNDECLARED_SELECTOR = YES;
				GCC_WARN_UNINITIALIZED_AUTOS = YES_AGGRESSIVE;
				GCC_WARN_UNUSED_FUNCTION = YES;
				GCC_WARN_UNUSED_VARIABLE = YES;
				IPHONEOS_DEPLOYMENT_TARGET = 8.4;
				MTL_ENABLE_DEBUG_INFO = YES;
				ONLY_ACTIVE_ARCH = YES;
				SDKROOT = iphoneos;
				TARGETED_DEVICE_FAMILY = "1,2";
			};
			name = Debug;
		};
		FA37CF431B9139FD0032ED30 /* Release */ = {
			isa = XCBuildConfiguration;
			buildSettings = {
				ALWAYS_SEARCH_USER_PATHS = NO;
				CLANG_CXX_LANGUAGE_STANDARD = "gnu++0x";
				CLANG_CXX_LIBRARY = "libc++";
				CLANG_ENABLE_MODULES = YES;
				CLANG_ENABLE_OBJC_ARC = YES;
				CLANG_WARN_BOOL_CONVERSION = YES;
				CLANG_WARN_CONSTANT_CONVERSION = YES;
				CLANG_WARN_DIRECT_OBJC_ISA_USAGE = YES_ERROR;
				CLANG_WARN_EMPTY_BODY = YES;
				CLANG_WARN_ENUM_CONVERSION = YES;
				CLANG_WARN_INT_CONVERSION = YES;
				CLANG_WARN_OBJC_ROOT_CLASS = YES_ERROR;
				CLANG_WARN_UNREACHABLE_CODE = YES;
				CLANG_WARN__DUPLICATE_METHOD_MATCH = YES;
				"CODE_SIGN_IDENTITY[sdk=iphoneos*]" = "iPhone Developer";
				COPY_PHASE_STRIP = NO;
				DEBUG_INFORMATION_FORMAT = "dwarf-with-dsym";
				ENABLE_NS_ASSERTIONS = NO;
				ENABLE_STRICT_OBJC_MSGSEND = YES;
				GCC_C_LANGUAGE_STANDARD = gnu99;
				GCC_NO_COMMON_BLOCKS = YES;
				GCC_WARN_64_TO_32_BIT_CONVERSION = YES;
				GCC_WARN_ABOUT_RETURN_TYPE = YES_ERROR;
				GCC_WARN_UNDECLARED_SELECTOR = YES;
				GCC_WARN_UNINITIALIZED_AUTOS = YES_AGGRESSIVE;
				GCC_WARN_UNUSED_FUNCTION = YES;
				GCC_WARN_UNUSED_VARIABLE = YES;
				IPHONEOS_DEPLOYMENT_TARGET = 8.4;
				MTL_ENABLE_DEBUG_INFO = NO;
				SDKROOT = iphoneos;
				TARGETED_DEVICE_FAMILY = "1,2";
				VALIDATE_PRODUCT = YES;
			};
			name = Release;
		};
		FA37CF451B9139FD0032ED30 /* Debug */ = {
			isa = XCBuildConfiguration;
			buildSettings = {
				ASSETCATALOG_COMPILER_APPICON_NAME = AppIcon;
				INFOPLIST_FILE = BlocBrowser/Info.plist;
				LD_RUNPATH_SEARCH_PATHS = "$(inherited) @executable_path/Frameworks";
				PRODUCT_NAME = "$(TARGET_NAME)";
			};
			name = Debug;
		};
		FA37CF461B9139FD0032ED30 /* Release */ = {
			isa = XCBuildConfiguration;
			buildSettings = {
				ASSETCATALOG_COMPILER_APPICON_NAME = AppIcon;
				INFOPLIST_FILE = BlocBrowser/Info.plist;
				LD_RUNPATH_SEARCH_PATHS = "$(inherited) @executable_path/Frameworks";
				PRODUCT_NAME = "$(TARGET_NAME)";
			};
			name = Release;
		};
		FA37CF481B9139FD0032ED30 /* Debug */ = {
			isa = XCBuildConfiguration;
			buildSettings = {
				BUNDLE_LOADER = "$(TEST_HOST)";
				FRAMEWORK_SEARCH_PATHS = (
					"$(SDKROOT)/Developer/Library/Frameworks",
					"$(inherited)",
				);
				GCC_PREPROCESSOR_DEFINITIONS = (
					"DEBUG=1",
					"$(inherited)",
				);
				INFOPLIST_FILE = BlocBrowserTests/Info.plist;
				LD_RUNPATH_SEARCH_PATHS = "$(inherited) @executable_path/Frameworks @loader_path/Frameworks";
				PRODUCT_NAME = "$(TARGET_NAME)";
				TEST_HOST = "$(BUILT_PRODUCTS_DIR)/BlocBrowser.app/BlocBrowser";
			};
			name = Debug;
		};
		FA37CF491B9139FD0032ED30 /* Release */ = {
			isa = XCBuildConfiguration;
			buildSettings = {
				BUNDLE_LOADER = "$(TEST_HOST)";
				FRAMEWORK_SEARCH_PATHS = (
					"$(SDKROOT)/Developer/Library/Frameworks",
					"$(inherited)",
				);
				INFOPLIST_FILE = BlocBrowserTests/Info.plist;
				LD_RUNPATH_SEARCH_PATHS = "$(inherited) @executable_path/Frameworks @loader_path/Frameworks";
				PRODUCT_NAME = "$(TARGET_NAME)";
				TEST_HOST = "$(BUILT_PRODUCTS_DIR)/BlocBrowser.app/BlocBrowser";
			};
			name = Release;
		};
/* End XCBuildConfiguration section */

/* Begin XCConfigurationList section */
		FA37CF1C1B9139FD0032ED30 /* Build configuration list for PBXProject "BlocBrowser" */ = {
			isa = XCConfigurationList;
			buildConfigurations = (
				FA37CF421B9139FD0032ED30 /* Debug */,
				FA37CF431B9139FD0032ED30 /* Release */,
			);
			defaultConfigurationIsVisible = 0;
			defaultConfigurationName = Release;
		};
		FA37CF441B9139FD0032ED30 /* Build configuration list for PBXNativeTarget "BlocBrowser" */ = {
			isa = XCConfigurationList;
			buildConfigurations = (
				FA37CF451B9139FD0032ED30 /* Debug */,
				FA37CF461B9139FD0032ED30 /* Release */,
			);
			defaultConfigurationIsVisible = 0;
		};
		FA37CF471B9139FD0032ED30 /* Build configuration list for PBXNativeTarget "BlocBrowserTests" */ = {
			isa = XCConfigurationList;
			buildConfigurations = (
				FA37CF481B9139FD0032ED30 /* Debug */,
				FA37CF491B9139FD0032ED30 /* Release */,
			);
			defaultConfigurationIsVisible = 0;
		};
/* End XCConfigurationList section */
	};
	rootObject = FA37CF191B9139FD0032ED30 /* Project object */;
}
